
Microsoft Visual Studio Solution File, Format Version 12.00
Project("{FAE04EC0-301F-11D3-BF4B-00C04F79EFBC}") = "Ecommerce.Tests", "Ecommerce.Tests\Ecommerce.Tests.csproj", "{47FF6D84-A177-476A-8D23-0A1C42255FB0}"
EndProject
Project("{FAE04EC0-301F-11D3-BF4B-00C04F79EFBC}") = "Ecommerce", "Ecommerce\Ecommerce.csproj", "{EEB9F922-460A-4CB3-BC08-9B2D7B7050C2}"
EndProject
Project("{2150E333-8FDC-42A3-9474-1A3956D46DE8}") = "DOCS", "DOCS", "{136AA2C5-B0B0-4CD0-A1F1-139ED5A55B83}"
	ProjectSection(SolutionItems) = preProject
		README.md = README.md
	EndProjectSection
EndProject
Project("{FAE04EC0-301F-11D3-BF4B-00C04F79EFBC}") = "EcommerceWebAPI", "EcommerceWebAPI\EcommerceWebAPI.csproj", "{E2A494FF-C7F1-4C86-9AB4-B74CBD0B47A0}"
EndProject
Global
	GlobalSection(SolutionConfigurationPlatforms) = preSolution
		Debug|Any CPU = Debug|Any CPU
		Release|Any CPU = Release|Any CPU
	EndGlobalSection
	GlobalSection(ProjectConfigurationPlatforms) = postSolution
		{47FF6D84-A177-476A-8D23-0A1C42255FB0}.Debug|Any CPU.ActiveCfg = Debug|Any CPU
		{47FF6D84-A177-476A-8D23-0A1C42255FB0}.Debug|Any CPU.Build.0 = Debug|Any CPU
		{47FF6D84-A177-476A-8D23-0A1C42255FB0}.Release|Any CPU.ActiveCfg = Release|Any CPU
		{47FF6D84-A177-476A-8D23-0A1C42255FB0}.Release|Any CPU.Build.0 = Release|Any CPU
		{EEB9F922-460A-4CB3-BC08-9B2D7B7050C2}.Debug|Any CPU.ActiveCfg = Debug|Any CPU
		{EEB9F922-460A-4CB3-BC08-9B2D7B7050C2}.Debug|Any CPU.Build.0 = Debug|Any CPU
		{EEB9F922-460A-4CB3-BC08-9B2D7B7050C2}.Release|Any CPU.ActiveCfg = Release|Any CPU
		{EEB9F922-460A-4CB3-BC08-9B2D7B7050C2}.Release|Any CPU.Build.0 = Release|Any CPU
		{E2A494FF-C7F1-4C86-9AB4-B74CBD0B47A0}.Debug|Any CPU.ActiveCfg = Debug|Any CPU
		{E2A494FF-C7F1-4C86-9AB4-B74CBD0B47A0}.Debug|Any CPU.Build.0 = Debug|Any CPU
		{E2A494FF-C7F1-4C86-9AB4-B74CBD0B47A0}.Release|Any CPU.ActiveCfg = Release|Any CPU
		{E2A494FF-C7F1-4C86-9AB4-B74CBD0B47A0}.Release|Any CPU.Build.0 = Release|Any CPU
	EndGlobalSection
EndGlobal
